
Microsoft Visual Studio Solution File, Format Version 12.00
# Visual Studio Version 17
VisualStudioVersion = 17.5.002.0
MinimumVisualStudioVersion = 10.0.40219.1
Project("{9A19103F-16F7-4668-BE54-9A1E7A4F7556}") = "TrilhaApiDesafio", "TrilhaApiDesafio.csproj", "{0A8ECF4A-6CE9-430F-8F2B-F38EFE6A326F}"
EndProject
Global
	GlobalSection(SolutionConfigurationPlatforms) = preSolution
		Debug|Any CPU = Debug|Any CPU
		Release|Any CPU = Release|Any CPU
	EndGlobalSection
	GlobalSection(ProjectConfigurationPlatforms) = postSolution
		{0A8ECF4A-6CE9-430F-8F2B-F38EFE6A326F}.Debug|Any CPU.ActiveCfg = Debug|Any CPU
		{0A8ECF4A-6CE9-430F-8F2B-F38EFE6A326F}.Debug|Any CPU.Build.0 = Debug|Any CPU
		{0A8ECF4A-6CE9-430F-8F2B-F38EFE6A326F}.Release|Any CPU.ActiveCfg = Release|Any CPU
		{0A8ECF4A-6CE9-430F-8F2B-F38EFE6A326F}.Release|Any CPU.Build.0 = Release|Any CPU
	EndGlobalSection
	GlobalSection(SolutionProperties) = preSolution
		HideSolutionNode = FALSE
	EndGlobalSection
	GlobalSection(ExtensibilityGlobals) = postSolution
		SolutionGuid = {EF96072B-C645-43FD-805E-447299A85452}
	EndGlobalSection
EndGlobal
